
Microsoft Visual Studio Solution File, Format Version 12.00
# Visual Studio 15
VisualStudioVersion = 15.0.28307.136
MinimumVisualStudioVersion = 10.0.40219.1
Project("{2150E333-8FDC-42A3-9474-1A3956D46DE8}") = ".paket", ".paket", "{D09582DC-3486-41BB-9F37-5D319B6ED922}"
	ProjectSection(SolutionItems) = preProject
		paket.dependencies = paket.dependencies
	EndProjectSection
EndProject
Project("{F2A71F9B-5D33-465A-A702-920D77279786}") = "GeneralDialog", "GeneralDialog\GeneralDialog.fsproj", "{0A76D208-44A9-47FA-83C4-3E4C8EFC2A10}"
EndProject
Project("{F2A71F9B-5D33-465A-A702-920D77279786}") = "SelfUpdComponent", "SelfUpdComponent\SelfUpdComponent.fsproj", "{ADCE631A-7B15-4679-94F6-6951242C7762}"
EndProject
Project("{F2A71F9B-5D33-465A-A702-920D77279786}") = "NavigationMenu", "NavigationMenu\NavigationMenu.fsproj", "{082053F0-0397-4D8D-B7FA-DA75F956E0A2}"
EndProject
Project("{F2A71F9B-5D33-465A-A702-920D77279786}") = "FsXamlSample", "FsXamlSample\FsXamlSample.fsproj", "{8B3A6476-AC0B-494D-B5A0-57CC77B69993}"
EndProject
Project("{F2A71F9B-5D33-465A-A702-920D77279786}") = "IsSynchronizedWithCurrentItemCase", "IsSynchronizedWithCurrentItemCase\IsSynchronizedWithCurrentItemCase.fsproj", "{7E912C15-F571-4F6D-9D51-3BC3CB7D83C0}"
EndProject
Global
	GlobalSection(SolutionConfigurationPlatforms) = preSolution
		Debug|Any CPU = Debug|Any CPU
		Release|Any CPU = Release|Any CPU
	EndGlobalSection
	GlobalSection(ProjectConfigurationPlatforms) = postSolution
		{0A76D208-44A9-47FA-83C4-3E4C8EFC2A10}.Debug|Any CPU.ActiveCfg = Debug|Any CPU
		{0A76D208-44A9-47FA-83C4-3E4C8EFC2A10}.Debug|Any CPU.Build.0 = Debug|Any CPU
		{0A76D208-44A9-47FA-83C4-3E4C8EFC2A10}.Release|Any CPU.ActiveCfg = Release|Any CPU
		{0A76D208-44A9-47FA-83C4-3E4C8EFC2A10}.Release|Any CPU.Build.0 = Release|Any CPU
		{ADCE631A-7B15-4679-94F6-6951242C7762}.Debug|Any CPU.ActiveCfg = Debug|Any CPU
		{ADCE631A-7B15-4679-94F6-6951242C7762}.Debug|Any CPU.Build.0 = Debug|Any CPU
		{ADCE631A-7B15-4679-94F6-6951242C7762}.Release|Any CPU.ActiveCfg = Release|Any CPU
		{ADCE631A-7B15-4679-94F6-6951242C7762}.Release|Any CPU.Build.0 = Release|Any CPU
		{082053F0-0397-4D8D-B7FA-DA75F956E0A2}.Debug|Any CPU.ActiveCfg = Debug|Any CPU
		{082053F0-0397-4D8D-B7FA-DA75F956E0A2}.Debug|Any CPU.Build.0 = Debug|Any CPU
		{082053F0-0397-4D8D-B7FA-DA75F956E0A2}.Release|Any CPU.ActiveCfg = Release|Any CPU
		{082053F0-0397-4D8D-B7FA-DA75F956E0A2}.Release|Any CPU.Build.0 = Release|Any CPU
		{8B3A6476-AC0B-494D-B5A0-57CC77B69993}.Debug|Any CPU.ActiveCfg = Debug|Any CPU
		{8B3A6476-AC0B-494D-B5A0-57CC77B69993}.Debug|Any CPU.Build.0 = Debug|Any CPU
		{8B3A6476-AC0B-494D-B5A0-57CC77B69993}.Release|Any CPU.ActiveCfg = Release|Any CPU
		{8B3A6476-AC0B-494D-B5A0-57CC77B69993}.Release|Any CPU.Build.0 = Release|Any CPU
		{7E912C15-F571-4F6D-9D51-3BC3CB7D83C0}.Debug|Any CPU.ActiveCfg = Debug|Any CPU
		{7E912C15-F571-4F6D-9D51-3BC3CB7D83C0}.Debug|Any CPU.Build.0 = Debug|Any CPU
		{7E912C15-F571-4F6D-9D51-3BC3CB7D83C0}.Release|Any CPU.ActiveCfg = Release|Any CPU
		{7E912C15-F571-4F6D-9D51-3BC3CB7D83C0}.Release|Any CPU.Build.0 = Release|Any CPU
	EndGlobalSection
	GlobalSection(SolutionProperties) = preSolution
		HideSolutionNode = FALSE
	EndGlobalSection
	GlobalSection(ExtensibilityGlobals) = postSolution
		SolutionGuid = {532A4DA8-174C-417C-BDDB-C27F14700649}
	EndGlobalSection
EndGlobal
